
Microsoft Visual Studio Solution File, Format Version 12.00
# Visual Studio Version 17
VisualStudioVersion = 17.6.33723.286
MinimumVisualStudioVersion = 10.0.40219.1
Project("{FAE04EC0-301F-11D3-BF4B-00C04F79EFBC}") = "LoginApp", "LoginApp.csproj", "{71C33545-043C-47AE-B71A-D61E034A7CF9}"
EndProject
Global
	GlobalSection(SolutionConfigurationPlatforms) = preSolution
		Debug|Any CPU = Debug|Any CPU
		Release|Any CPU = Release|Any CPU
	EndGlobalSection
	GlobalSection(ProjectConfigurationPlatforms) = postSolution
		{71C33545-043C-47AE-B71A-D61E034A7CF9}.Debug|Any CPU.ActiveCfg = Debug|Any CPU
		{71C33545-043C-47AE-B71A-D61E034A7CF9}.Debug|Any CPU.Build.0 = Debug|Any CPU
		{71C33545-043C-47AE-B71A-D61E034A7CF9}.Release|Any CPU.ActiveCfg = Release|Any CPU
		{71C33545-043C-47AE-B71A-D61E034A7CF9}.Release|Any CPU.Build.0 = Release|Any CPU
	EndGlobalSection
	GlobalSection(SolutionProperties) = preSolution
		HideSolutionNode = FALSE
	EndGlobalSection
	GlobalSection(ExtensibilityGlobals) = postSolution
		SolutionGuid = {D39F70CE-86ED-4E7A-A834-7CCBCA5787FE}
	EndGlobalSection
EndGlobal
